# THIS IS AN AUTOGENERATED FILE. DO NOT EDIT THIS FILE DIRECTLY.
# yarn lockfile v1


telnetlib@^1.0.1:
  version "1.0.1"
  resolved "https://registry.yarnpkg.com/telnetlib/-/telnetlib-1.0.1.tgz#49c035351c1f411de4a28cb933d69a1caf2c35f4"
  integrity sha512-xTjdk2xk7Vo2uQR9e40Zn7ELD68rhyRw7S3wmtPrc2bXTSbKFnYEN6k9mevt/i5ItQxm5reuRncl7gZogl7XIw==
